
Microsoft Visual Studio Solution File, Format Version 12.00
# Visual Studio Version 16
VisualStudioVersion = 16.0.29519.87
MinimumVisualStudioVersion = 10.0.40219.1
Project("{FAE04EC0-301F-11D3-BF4B-00C04F79EFBC}") = "HorasExtrasX", "HorasExtrasX\HorasExtrasX.csproj", "{89C0950D-A610-4B41-B89C-9AFCD24C6D59}"
EndProject
Global
	GlobalSection(SolutionConfigurationPlatforms) = preSolution
		Debug|Any CPU = Debug|Any CPU
		Release|Any CPU = Release|Any CPU
	EndGlobalSection
	GlobalSection(ProjectConfigurationPlatforms) = postSolution
		{89C0950D-A610-4B41-B89C-9AFCD24C6D59}.Debug|Any CPU.ActiveCfg = Debug|Any CPU
		{89C0950D-A610-4B41-B89C-9AFCD24C6D59}.Debug|Any CPU.Build.0 = Debug|Any CPU
		{89C0950D-A610-4B41-B89C-9AFCD24C6D59}.Release|Any CPU.ActiveCfg = Release|Any CPU
		{89C0950D-A610-4B41-B89C-9AFCD24C6D59}.Release|Any CPU.Build.0 = Release|Any CPU
	EndGlobalSection
	GlobalSection(SolutionProperties) = preSolution
		HideSolutionNode = FALSE
	EndGlobalSection
	GlobalSection(ExtensibilityGlobals) = postSolution
		SolutionGuid = {5423EF8A-65B1-4DBC-9251-C79E4BED64A0}
	EndGlobalSection
EndGlobal
